
Microsoft Visual Studio Solution File, Format Version 12.00
# Visual Studio Version 16
VisualStudioVersion = 16.0.29403.142
MinimumVisualStudioVersion = 10.0.40219.1
Project("{FAE04EC0-301F-11D3-BF4B-00C04F79EFBC}") = "Aaaaa_8_lab_blet", "Aaaaa_8_lab_blet\Aaaaa_8_lab_blet.csproj", "{85B8D3DF-5153-42CC-B999-226713F0E73C}"
EndProject
Global
	GlobalSection(SolutionConfigurationPlatforms) = preSolution
		Debug|Any CPU = Debug|Any CPU
		Release|Any CPU = Release|Any CPU
	EndGlobalSection
	GlobalSection(ProjectConfigurationPlatforms) = postSolution
		{85B8D3DF-5153-42CC-B999-226713F0E73C}.Debug|Any CPU.ActiveCfg = Debug|Any CPU
		{85B8D3DF-5153-42CC-B999-226713F0E73C}.Debug|Any CPU.Build.0 = Debug|Any CPU
		{85B8D3DF-5153-42CC-B999-226713F0E73C}.Release|Any CPU.ActiveCfg = Release|Any CPU
		{85B8D3DF-5153-42CC-B999-226713F0E73C}.Release|Any CPU.Build.0 = Release|Any CPU
	EndGlobalSection
	GlobalSection(SolutionProperties) = preSolution
		HideSolutionNode = FALSE
	EndGlobalSection
	GlobalSection(ExtensibilityGlobals) = postSolution
		SolutionGuid = {E5E22B58-ADCF-43B6-8272-A09F51856027}
	EndGlobalSection
EndGlobal
