
Microsoft Visual Studio Solution File, Format Version 12.00
# Visual Studio Version 16
VisualStudioVersion = 16.0.29411.108
MinimumVisualStudioVersion = 10.0.40219.1
Project("{8BC9CEB8-8B4A-11D0-8D11-00A0C91BC942}") = "laba_4", "laba_4\laba_4.vcxproj", "{A7916C94-F1CF-460A-8EFD-534B21901B9F}"
EndProject
Project("{8BC9CEB8-8B4A-11D0-8D11-00A0C91BC942}") = "Project1", "Project1\Project1.vcxproj", "{0F940248-1B0D-497A-82CC-F20D960E2045}"
EndProject
Global
	GlobalSection(SolutionConfigurationPlatforms) = preSolution
		Debug|x64 = Debug|x64
		Debug|x86 = Debug|x86
		Release|x64 = Release|x64
		Release|x86 = Release|x86
	EndGlobalSection
	GlobalSection(ProjectConfigurationPlatforms) = postSolution
		{A7916C94-F1CF-460A-8EFD-534B21901B9F}.Debug|x64.ActiveCfg = Debug|x64
		{A7916C94-F1CF-460A-8EFD-534B21901B9F}.Debug|x64.Build.0 = Debug|x64
		{A7916C94-F1CF-460A-8EFD-534B21901B9F}.Debug|x86.ActiveCfg = Debug|Win32
		{A7916C94-F1CF-460A-8EFD-534B21901B9F}.Debug|x86.Build.0 = Debug|Win32
		{A7916C94-F1CF-460A-8EFD-534B21901B9F}.Release|x64.ActiveCfg = Release|x64
		{A7916C94-F1CF-460A-8EFD-534B21901B9F}.Release|x64.Build.0 = Release|x64
		{A7916C94-F1CF-460A-8EFD-534B21901B9F}.Release|x86.ActiveCfg = Release|Win32
		{A7916C94-F1CF-460A-8EFD-534B21901B9F}.Release|x86.Build.0 = Release|Win32
		{0F940248-1B0D-497A-82CC-F20D960E2045}.Debug|x64.ActiveCfg = Debug|x64
		{0F940248-1B0D-497A-82CC-F20D960E2045}.Debug|x64.Build.0 = Debug|x64
		{0F940248-1B0D-497A-82CC-F20D960E2045}.Debug|x86.ActiveCfg = Debug|Win32
		{0F940248-1B0D-497A-82CC-F20D960E2045}.Debug|x86.Build.0 = Debug|Win32
		{0F940248-1B0D-497A-82CC-F20D960E2045}.Release|x64.ActiveCfg = Release|x64
		{0F940248-1B0D-497A-82CC-F20D960E2045}.Release|x64.Build.0 = Release|x64
		{0F940248-1B0D-497A-82CC-F20D960E2045}.Release|x86.ActiveCfg = Release|Win32
		{0F940248-1B0D-497A-82CC-F20D960E2045}.Release|x86.Build.0 = Release|Win32
	EndGlobalSection
	GlobalSection(SolutionProperties) = preSolution
		HideSolutionNode = FALSE
	EndGlobalSection
	GlobalSection(ExtensibilityGlobals) = postSolution
		SolutionGuid = {18620AD7-9140-42A8-A50B-B6DE940C0195}
	EndGlobalSection
EndGlobal
